
Microsoft Visual Studio Solution File, Format Version 12.00
# Visual Studio Version 16
VisualStudioVersion = 16.0.30717.126
MinimumVisualStudioVersion = 10.0.40219.1
Project("{9A19103F-16F7-4668-BE54-9A1E7A4F7556}") = "Zadatak 2", "Zadatak 2\Zadatak 2.csproj", "{6F23C8C7-E32D-4AC4-8C2C-C5FE4F22AE24}"
EndProject
Project("{9A19103F-16F7-4668-BE54-9A1E7A4F7556}") = "Zadatak 3", "Zadatak 3\Zadatak 3.csproj", "{1F5227B6-FAE3-4F97-8A42-DAC1AF6BD6FB}"
EndProject
Project("{9A19103F-16F7-4668-BE54-9A1E7A4F7556}") = "Zadatak 1", "Zadatak 1\Zadatak 1.csproj", "{B15E73ED-0266-407D-B713-E4B9C0942115}"
EndProject
Global
	GlobalSection(SolutionConfigurationPlatforms) = preSolution
		Debug|Any CPU = Debug|Any CPU
		Release|Any CPU = Release|Any CPU
	EndGlobalSection
	GlobalSection(ProjectConfigurationPlatforms) = postSolution
		{6F23C8C7-E32D-4AC4-8C2C-C5FE4F22AE24}.Debug|Any CPU.ActiveCfg = Debug|Any CPU
		{6F23C8C7-E32D-4AC4-8C2C-C5FE4F22AE24}.Debug|Any CPU.Build.0 = Debug|Any CPU
		{6F23C8C7-E32D-4AC4-8C2C-C5FE4F22AE24}.Release|Any CPU.ActiveCfg = Release|Any CPU
		{6F23C8C7-E32D-4AC4-8C2C-C5FE4F22AE24}.Release|Any CPU.Build.0 = Release|Any CPU
		{1F5227B6-FAE3-4F97-8A42-DAC1AF6BD6FB}.Debug|Any CPU.ActiveCfg = Debug|Any CPU
		{1F5227B6-FAE3-4F97-8A42-DAC1AF6BD6FB}.Debug|Any CPU.Build.0 = Debug|Any CPU
		{1F5227B6-FAE3-4F97-8A42-DAC1AF6BD6FB}.Release|Any CPU.ActiveCfg = Release|Any CPU
		{1F5227B6-FAE3-4F97-8A42-DAC1AF6BD6FB}.Release|Any CPU.Build.0 = Release|Any CPU
		{B15E73ED-0266-407D-B713-E4B9C0942115}.Debug|Any CPU.ActiveCfg = Debug|Any CPU
		{B15E73ED-0266-407D-B713-E4B9C0942115}.Debug|Any CPU.Build.0 = Debug|Any CPU
		{B15E73ED-0266-407D-B713-E4B9C0942115}.Release|Any CPU.ActiveCfg = Release|Any CPU
		{B15E73ED-0266-407D-B713-E4B9C0942115}.Release|Any CPU.Build.0 = Release|Any CPU
	EndGlobalSection
	GlobalSection(SolutionProperties) = preSolution
		HideSolutionNode = FALSE
	EndGlobalSection
	GlobalSection(ExtensibilityGlobals) = postSolution
		SolutionGuid = {9044672B-0728-4342-808B-7A24EA20B1E8}
	EndGlobalSection
EndGlobal
